github.com/flaxandteal/govukhugo v0.0.0-20260219155507-25bbaf71deb8 h1:mAVMFk/ux/hlE8cNrjQhs4xJwofPwSp4SqcJB9N2G3g=
github.com/flaxandteal/govukhugo v0.0.0-20260219155507-25bbaf71deb8/go.mod h1:bFk/uvSh+oWzrQeoniHec8xDJymnWZqtgqgteKLi8yE=
github.com/flaxandteal/hugo-cookies v0.1.1 h1:EbL0sDwSxJZNLXFyBy6hfM7os65g4ruBPedRqNe+Rmk=
github.com/flaxandteal/hugo-cookies v0.1.1/go.mod h1:yXeybjve5gdOaLp2i1NKmDVGiFTgJXL6WLjyJMISLvU=
github.com/flaxandteal/starches v0.2.1-alpha.45 h1:lZrb2BYdrq3SOTLffc5gMkFjmLP3qfzyVijgMsumY4M=
github.com/flaxandteal/starches v0.2.1-alpha.45/go.mod h1:rEUnSSn3/j3eLoP0ux6I2eDY2TaNK942BuRuJhjANa0=
github.com/flaxandteal/starches v0.2.1-alpha.46 h1:yDYwQ+6NlKPIZ2PylQRSOJM9qguiI2c6rYsm+/L+bnU=
github.com/flaxandteal/starches v0.2.1-alpha.46/go.mod h1:rEUnSSn3/j3eLoP0ux6I2eDY2TaNK942BuRuJhjANa0=
github.com/flaxandteal/starches v0.2.1-alpha.47 h1:c7Y7nBBR6Pqgc4ApiDu1PL0qLrgSOjWDDvFCCFYOsxc=
github.com/flaxandteal/starches v0.2.1-alpha.47/go.mod h1:rEUnSSn3/j3eLoP0ux6I2eDY2TaNK942BuRuJhjANa0=
github.com/flaxandteal/starches v0.2.1-alpha.48 h1:7xnWFpQyBo6A/Qlpa+gMkaNu6JmRW8BlXXFiDSYhimM=
github.com/flaxandteal/starches v0.2.1-alpha.48/go.mod h1:rEUnSSn3/j3eLoP0ux6I2eDY2TaNK942BuRuJhjANa0=
github.com/flaxandteal/starches v0.2.1-alpha.49 h1:1TRqvLChyLRhsPsSR3YUCf/X/F5Ln5BeGqrs/TI178Y=
github.com/flaxandteal/starches v0.2.1-alpha.49/go.mod h1:rEUnSSn3/j3eLoP0ux6I2eDY2TaNK942BuRuJhjANa0=
github.com/flaxandteal/starches v0.2.1-alpha.50 h1:MtX+FgGziz6x2ebp+WOYHzBF3uTPCPdvMZQPYAKdB+U=
github.com/flaxandteal/starches v0.2.1-alpha.50/go.mod h1:rEUnSSn3/j3eLoP0ux6I2eDY2TaNK942BuRuJhjANa0=
