github.com/flaxandteal/govukhugo v0.0.0-20250913133815-13c0691a1ac9 h1:7RhBaGT9pUeDIpYLPjUlK7Dbzc3QNznTItcvK7Utcmg=
github.com/flaxandteal/govukhugo v0.0.0-20250913133815-13c0691a1ac9/go.mod h1:bFk/uvSh+oWzrQeoniHec8xDJymnWZqtgqgteKLi8yE=
github.com/flaxandteal/hugo-cookies v0.0.0-20250912234728-faf4561ea831 h1:EU1BqocmsCi2SMfcVHrkE+XBjM6NG5kzkhIKhRkFLNA=
github.com/flaxandteal/hugo-cookies v0.0.0-20250912234728-faf4561ea831/go.mod h1:yXeybjve5gdOaLp2i1NKmDVGiFTgJXL6WLjyJMISLvU=
github.com/flaxandteal/hugo-theme-qld-design-system v0.0.0-20251110141426-6c0daa261be6 h1:QGjJuzxFmebzVBPGxGGK3lTSmpTY+SfCFXQADNAPnkM=
github.com/flaxandteal/hugo-theme-qld-design-system v0.0.0-20251110141426-6c0daa261be6/go.mod h1:pj9pgmvJuHEuFuRVkeehAeUzXTDyZmvMzS7wvFvcBkc=
github.com/flaxandteal/starches v0.1.2-0.20251001130504-86ac090d7ef9 h1:eovUzsn6QeMr8Ffc4sfc2wCIXqaw48wF3hICYxaCMGQ=
github.com/flaxandteal/starches v0.1.2-0.20251001130504-86ac090d7ef9/go.mod h1:nY/B6Y+aCYyhXJumslBKyk8OZrI/LfSYBgvHSM+p46E=
