github.com/flaxandteal/hugo-cookies v0.1.1 h1:EbL0sDwSxJZNLXFyBy6hfM7os65g4ruBPedRqNe+Rmk=
github.com/flaxandteal/hugo-cookies v0.1.1/go.mod h1:yXeybjve5gdOaLp2i1NKmDVGiFTgJXL6WLjyJMISLvU=
github.com/flaxandteal/hugo-theme-qld-design-system v0.0.0-20260115161819-cebf216d76ec h1:+9W790wattBqYvZfA340oRzzXbdqHxg6wvT899Q2uIE=
github.com/flaxandteal/hugo-theme-qld-design-system v0.0.0-20260115161819-cebf216d76ec/go.mod h1:pj9pgmvJuHEuFuRVkeehAeUzXTDyZmvMzS7wvFvcBkc=
github.com/flaxandteal/hugo-theme-qld-design-system v0.0.0-20260127000009-23c0027204ec h1:+VplGK3Mf/IbXJbKnwV0Skz8H6bej3dfjTKHIWF/V2g=
github.com/flaxandteal/hugo-theme-qld-design-system v0.0.0-20260127000009-23c0027204ec/go.mod h1:pj9pgmvJuHEuFuRVkeehAeUzXTDyZmvMzS7wvFvcBkc=
github.com/flaxandteal/hugo-theme-qld-design-system v0.0.0-20260129161641-551fc4889bb9 h1:UlDiGRLyS9aZbZB8D2a176LiUIj+wKvyECzEGLOP/4Y=
github.com/flaxandteal/hugo-theme-qld-design-system v0.0.0-20260129161641-551fc4889bb9/go.mod h1:pj9pgmvJuHEuFuRVkeehAeUzXTDyZmvMzS7wvFvcBkc=
github.com/flaxandteal/hugo-theme-qld-design-system v0.0.0-20260130150316-9c8acd93ad4d h1:J/0/G1jlskEiWOaewIWrWOKtGWpK/ONZrruF6oRJ638=
github.com/flaxandteal/hugo-theme-qld-design-system v0.0.0-20260130150316-9c8acd93ad4d/go.mod h1:pj9pgmvJuHEuFuRVkeehAeUzXTDyZmvMzS7wvFvcBkc=
github.com/flaxandteal/hugo-theme-qld-design-system v0.0.0-20260206172703-68815c3a1750 h1:yj1QkwYkZSo8Kcs+10ymJ2v3c3up4ipganmIPYLddZA=
github.com/flaxandteal/hugo-theme-qld-design-system v0.0.0-20260206172703-68815c3a1750/go.mod h1:pj9pgmvJuHEuFuRVkeehAeUzXTDyZmvMzS7wvFvcBkc=
github.com/flaxandteal/hugo-theme-qld-design-system v0.0.0-20260218092013-2c1361f92bec h1:J/0Cs7XBaUL1doNA0pLJ7qx9mZ6moFSJoOAV/dLwXok=
github.com/flaxandteal/hugo-theme-qld-design-system v0.0.0-20260218092013-2c1361f92bec/go.mod h1:pj9pgmvJuHEuFuRVkeehAeUzXTDyZmvMzS7wvFvcBkc=
github.com/flaxandteal/starches v0.2.1-alpha.20 h1:ClsHrnMBsV5DA2z7PQ7ioyPr2XX1/0gI4dmZv3AUrrc=
github.com/flaxandteal/starches v0.2.1-alpha.20/go.mod h1:rEUnSSn3/j3eLoP0ux6I2eDY2TaNK942BuRuJhjANa0=
github.com/flaxandteal/starches v0.2.1-alpha.21 h1:wiFXT45Rc6/VHr39ktP8GIJxgczQ2VXbfkOxlKrS+RI=
github.com/flaxandteal/starches v0.2.1-alpha.21/go.mod h1:rEUnSSn3/j3eLoP0ux6I2eDY2TaNK942BuRuJhjANa0=
github.com/flaxandteal/starches v0.2.1-alpha.22 h1:LsCncDxMqweaB1ZV8c1hsg7Tdn546/QKnQ6FtMtkoyA=
github.com/flaxandteal/starches v0.2.1-alpha.22/go.mod h1:rEUnSSn3/j3eLoP0ux6I2eDY2TaNK942BuRuJhjANa0=
github.com/flaxandteal/starches v0.2.1-alpha.23 h1:yHZuhQarCnomn/AWV+6MBL+EwgUY/6pUl+w/CCVXUUE=
github.com/flaxandteal/starches v0.2.1-alpha.23/go.mod h1:rEUnSSn3/j3eLoP0ux6I2eDY2TaNK942BuRuJhjANa0=
github.com/flaxandteal/starches v0.2.1-alpha.28 h1:LVU3K2WCfY6iHEDBLci7XMjIjsPfJE64FZVTQCI0GFs=
github.com/flaxandteal/starches v0.2.1-alpha.28/go.mod h1:rEUnSSn3/j3eLoP0ux6I2eDY2TaNK942BuRuJhjANa0=
github.com/flaxandteal/starches v0.2.1-alpha.30 h1:Zn7o1S5MCI1Gi66Y7BJATuX33kvfHwpb0gydns0sGHk=
github.com/flaxandteal/starches v0.2.1-alpha.30/go.mod h1:rEUnSSn3/j3eLoP0ux6I2eDY2TaNK942BuRuJhjANa0=
github.com/flaxandteal/starches v0.2.1-alpha.31 h1:LPq7rEOwqjmdsG/uBZ4Mk89OwBvut8pVQPerpXNXWqM=
github.com/flaxandteal/starches v0.2.1-alpha.31/go.mod h1:rEUnSSn3/j3eLoP0ux6I2eDY2TaNK942BuRuJhjANa0=
